
Microsoft Visual Studio Solution File, Format Version 12.00
# Visual Studio Version 17
VisualStudioVersion = 17.0.32014.148
MinimumVisualStudioVersion = 10.0.40219.1
Project("{FAE04EC0-301F-11D3-BF4B-00C04F79EFBC}") = "WebShopMVC", "WebShopMVC\WebShopMVC.csproj", "{78F39622-C3E5-4D4F-BD4F-5EC50BDB7080}"
EndProject
Global
	GlobalSection(SolutionConfigurationPlatforms) = preSolution
		Debug|Any CPU = Debug|Any CPU
		Release|Any CPU = Release|Any CPU
	EndGlobalSection
	GlobalSection(ProjectConfigurationPlatforms) = postSolution
		{78F39622-C3E5-4D4F-BD4F-5EC50BDB7080}.Debug|Any CPU.ActiveCfg = Debug|Any CPU
		{78F39622-C3E5-4D4F-BD4F-5EC50BDB7080}.Debug|Any CPU.Build.0 = Debug|Any CPU
		{78F39622-C3E5-4D4F-BD4F-5EC50BDB7080}.Release|Any CPU.ActiveCfg = Release|Any CPU
		{78F39622-C3E5-4D4F-BD4F-5EC50BDB7080}.Release|Any CPU.Build.0 = Release|Any CPU
	EndGlobalSection
	GlobalSection(SolutionProperties) = preSolution
		HideSolutionNode = FALSE
	EndGlobalSection
	GlobalSection(ExtensibilityGlobals) = postSolution
		SolutionGuid = {E93030DA-1A61-4CCA-AEE2-4957F4D3333C}
	EndGlobalSection
EndGlobal
